
Microsoft Visual Studio Solution File, Format Version 12.00
# Visual Studio 14
VisualStudioVersion = 14.0.25420.1
MinimumVisualStudioVersion = 10.0.40219.1
Project("{FAE04EC0-301F-11D3-BF4B-00C04F79EFBC}") = "4_nivel_2", "4_nivel_2\4_nivel_2.csproj", "{FD781D78-C3BC-4BF3-8E1B-3F1BB54853AD}"
EndProject
Global
	GlobalSection(SolutionConfigurationPlatforms) = preSolution
		Debug|Any CPU = Debug|Any CPU
		Release|Any CPU = Release|Any CPU
	EndGlobalSection
	GlobalSection(ProjectConfigurationPlatforms) = postSolution
		{FD781D78-C3BC-4BF3-8E1B-3F1BB54853AD}.Debug|Any CPU.ActiveCfg = Debug|Any CPU
		{FD781D78-C3BC-4BF3-8E1B-3F1BB54853AD}.Debug|Any CPU.Build.0 = Debug|Any CPU
		{FD781D78-C3BC-4BF3-8E1B-3F1BB54853AD}.Release|Any CPU.ActiveCfg = Release|Any CPU
		{FD781D78-C3BC-4BF3-8E1B-3F1BB54853AD}.Release|Any CPU.Build.0 = Release|Any CPU
	EndGlobalSection
	GlobalSection(SolutionProperties) = preSolution
		HideSolutionNode = FALSE
	EndGlobalSection
EndGlobal
